lockfileVersion: '6.0'

dependencies:
  zustand:
    specifier: '>=4.4.1'
    version: 4.4.1(@types/react@18.2.21)(immer@10.0.1)(react@18.2.0)

devDependencies:
  '@rollup/plugin-commonjs':
    specifier: ^24.0.1
    version: 24.0.1
  typescript:
    specifier: ^4.9.3
    version: 4.9.3
  vite:
    specifier: ^4.0.4
    version: 4.0.4
  zustand-vue:
    specifier: 1.0.0-beta.19
    version: 1.0.0-beta.19(vue@3.2.47)(zustand@4.4.1)

packages:

  /@babel/helper-string-parser@7.21.5:
    resolution: {integrity: sha1-Kz7qZUQ8a9wxwi0DfGX20yO2sr0=, tarball: http://registry.m.jd.com/@babel/helper-string-parser/download/@babel/helper-string-parser-7.21.5.tgz}
    engines: {node: '>=6.9.0'}
    dev: true

  /@babel/helper-validator-identifier@7.19.1:
    resolution: {integrity: sha1-fuqDTPMpAf/cGn7lVeL5wn4knKI=, tarball: http://registry.m.jd.com/@babel/helper-validator-identifier/download/@babel/helper-validator-identifier-7.19.1.tgz}
    engines: {node: '>=6.9.0'}
    dev: true

  /@babel/parser@7.21.8:
    resolution: {integrity: sha1-ZCr30DM+q5wK1wsUrF522957/fg=, tarball: http://registry.m.jd.com/@babel/parser/download/@babel/parser-7.21.8.tgz}
    engines: {node: '>=6.0.0'}
    hasBin: true
    dependencies:
      '@babel/types': 7.21.5
    dev: true

  /@babel/types@7.21.5:
    resolution: {integrity: sha1-GN+9R8OdOQTV2z09wsyAvttg5bY=, tarball: http://registry.m.jd.com/@babel/types/download/@babel/types-7.21.5.tgz}
    engines: {node: '>=6.9.0'}
    dependencies:
      '@babel/helper-string-parser': 7.21.5
      '@babel/helper-validator-identifier': 7.19.1
      to-fast-properties: 2.0.0
    dev: true

  /@esbuild/android-arm64@0.16.17:
    resolution: {integrity: sha1-z5HobfEnqj0UF0Ttr8ugq9xXfSM=, tarball: http://registry.m.jd.com/@esbuild/android-arm64/download/@esbuild/android-arm64-0.16.17.tgz}
    engines: {node: '>=12'}
    requiresBuild: true
    dev: true
    optional: true

  /@esbuild/android-arm@0.16.17:
    resolution: {integrity: sha1-AltiRtP2i3u6qXBpFE+1+3Dy//I=, tarball: http://registry.m.jd.com/@esbuild/android-arm/download/@esbuild/android-arm-0.16.17.tgz}
    engines: {node: '>=12'}
    requiresBuild: true
    dev: true
    optional: true

  /@esbuild/android-x64@0.16.17:
    resolution: {integrity: sha1-yCDg/vmC+ZqFxLi/3VgoNfBM2W4=, tarball: http://registry.m.jd.com/@esbuild/android-x64/download/@esbuild/android-x64-0.16.17.tgz}
    engines: {node: '>=12'}
    requiresBuild: true
    dev: true
    optional: true

  /@esbuild/darwin-arm64@0.16.17:
    resolution: {integrity: sha1-7e9Eh69rIa+runvlEywm0iN5siA=, tarball: http://registry.m.jd.com/@esbuild/darwin-arm64/download/@esbuild/darwin-arm64-0.16.17.tgz}
    engines: {node: '>=12'}
    requiresBuild: true
    dev: true
    optional: true

  /@esbuild/darwin-x64@0.16.17:
    resolution: {integrity: sha1-QoKRaHMAccQe8NAo2DGe6g4pBLQ=, tarball: http://registry.m.jd.com/@esbuild/darwin-x64/download/@esbuild/darwin-x64-0.16.17.tgz}
    engines: {node: '>=12'}
    requiresBuild: true
    dev: true
    optional: true

  /@esbuild/freebsd-arm64@0.16.17:
    resolution: {integrity: sha1-H0r0iL/H6c7QQgcDTTmOeTtXCic=, tarball: http://registry.m.jd.com/@esbuild/freebsd-arm64/download/@esbuild/freebsd-arm64-0.16.17.tgz}
    engines: {node: '>=12'}
    requiresBuild: true
    dev: true
    optional: true

  /@esbuild/freebsd-x64@0.16.17:
    resolution: {integrity: sha1-Y2MG8Z6byYHgaqHXdzAtrY/dr3I=, tarball: http://registry.m.jd.com/@esbuild/freebsd-x64/download/@esbuild/freebsd-x64-0.16.17.tgz}
    engines: {node: '>=12'}
    requiresBuild: true
    dev: true
    optional: true

  /@esbuild/linux-arm64@0.16.17:
    resolution: {integrity: sha1-oAP3/yN8UB4JXU86CeWPx7JaSso=, tarball: http://registry.m.jd.com/@esbuild/linux-arm64/download/@esbuild/linux-arm64-0.16.17.tgz}
    engines: {node: '>=12'}
    requiresBuild: true
    dev: true
    optional: true

  /@esbuild/linux-arm@0.16.17:
    resolution: {integrity: sha1-tZHmpZ2cT+DurdSHSxV6t4z18ZY=, tarball: http://registry.m.jd.com/@esbuild/linux-arm/download/@esbuild/linux-arm-0.16.17.tgz}
    engines: {node: '>=12'}
    requiresBuild: true
    dev: true
    optional: true

  /@esbuild/linux-ia32@0.16.17:
    resolution: {integrity: sha1-JDM6EQJ+9GoY9XAZRQpRiJGOKlQ=, tarball: http://registry.m.jd.com/@esbuild/linux-ia32/download/@esbuild/linux-ia32-0.16.17.tgz}
    engines: {node: '>=12'}
    requiresBuild: true
    dev: true
    optional: true

  /@esbuild/linux-loong64@0.16.17:
    resolution: {integrity: sha1-1a1FnUHtQrvU0AUlazGILsUiJ9g=, tarball: http://registry.m.jd.com/@esbuild/linux-loong64/download/@esbuild/linux-loong64-0.16.17.tgz}
    engines: {node: '>=12'}
    requiresBuild: true
    dev: true
    optional: true

  /@esbuild/linux-mips64el@0.16.17:
    resolution: {integrity: sha1-TllnpmXDg2CwqCBVlDd9Tc+cNyY=, tarball: http://registry.m.jd.com/@esbuild/linux-mips64el/download/@esbuild/linux-mips64el-0.16.17.tgz}
    engines: {node: '>=12'}
    requiresBuild: true
    dev: true
    optional: true

  /@esbuild/linux-ppc64@0.16.17:
    resolution: {integrity: sha1-IGRDoC61aPn98LQ4+9R9Juc1r8g=, tarball: http://registry.m.jd.com/@esbuild/linux-ppc64/download/@esbuild/linux-ppc64-0.16.17.tgz}
    engines: {node: '>=12'}
    requiresBuild: true
    dev: true
    optional: true

  /@esbuild/linux-riscv64@0.16.17:
    resolution: {integrity: sha1-w1HkM9AJvyVueYrQSBUsjXbaL8k=, tarball: http://registry.m.jd.com/@esbuild/linux-riscv64/download/@esbuild/linux-riscv64-0.16.17.tgz}
    engines: {node: '>=12'}
    requiresBuild: true
    dev: true
    optional: true

  /@esbuild/linux-s390x@0.16.17:
    resolution: {integrity: sha1-Zh8nHl1ZYVuEtoAdHCEjrRPZvYc=, tarball: http://registry.m.jd.com/@esbuild/linux-s390x/download/@esbuild/linux-s390x-0.16.17.tgz}
    engines: {node: '>=12'}
    requiresBuild: true
    dev: true
    optional: true

  /@esbuild/linux-x64@0.16.17:
    resolution: {integrity: sha1-5LoY6LFJqJyYI1FEOjd8cjdiuF8=, tarball: http://registry.m.jd.com/@esbuild/linux-x64/download/@esbuild/linux-x64-0.16.17.tgz}
    engines: {node: '>=12'}
    requiresBuild: true
    dev: true
    optional: true

  /@esbuild/netbsd-x64@0.16.17:
    resolution: {integrity: sha1-fU9AQeMMXAfdJP+ilcc/BgOOx3U=, tarball: http://registry.m.jd.com/@esbuild/netbsd-x64/download/@esbuild/netbsd-x64-0.16.17.tgz}
    engines: {node: '>=12'}
    requiresBuild: true
    dev: true
    optional: true

  /@esbuild/openbsd-x64@0.16.17:
    resolution: {integrity: sha1-lw+n+EcGgfPmsdsMxCGkr4Bg7DU=, tarball: http://registry.m.jd.com/@esbuild/openbsd-x64/download/@esbuild/openbsd-x64-0.16.17.tgz}
    engines: {node: '>=12'}
    requiresBuild: true
    dev: true
    optional: true

  /@esbuild/sunos-x64@0.16.17:
    resolution: {integrity: sha1-q8YOfEq/i4n7ek/mmhSEEyI4Aiw=, tarball: http://registry.m.jd.com/@esbuild/sunos-x64/download/@esbuild/sunos-x64-0.16.17.tgz}
    engines: {node: '>=12'}
    requiresBuild: true
    dev: true
    optional: true

  /@esbuild/win32-arm64@0.16.17:
    resolution: {integrity: sha1-ew/56MMmVTenp7H9miTnvTn82Ho=, tarball: http://registry.m.jd.com/@esbuild/win32-arm64/download/@esbuild/win32-arm64-0.16.17.tgz}
    engines: {node: '>=12'}
    requiresBuild: true
    dev: true
    optional: true

  /@esbuild/win32-ia32@0.16.17:
    resolution: {integrity: sha1-6Q/lJn1xp7dWev3EA9/RmMKS6wk=, tarball: http://registry.m.jd.com/@esbuild/win32-ia32/download/@esbuild/win32-ia32-0.16.17.tgz}
    engines: {node: '>=12'}
    requiresBuild: true
    dev: true
    optional: true

  /@esbuild/win32-x64@0.16.17:
    resolution: {integrity: sha1-xaGkv+G1fww+YbKYg1JcbaPlwJE=, tarball: http://registry.m.jd.com/@esbuild/win32-x64/download/@esbuild/win32-x64-0.16.17.tgz}
    engines: {node: '>=12'}
    requiresBuild: true
    dev: true
    optional: true

  /@jridgewell/sourcemap-codec@1.4.15:
    resolution: {integrity: sha1-18bmdVx4VnqVHgSrUu8P0m3lnzI=, tarball: http://registry.m.jd.com/@jridgewell/sourcemap-codec/download/@jridgewell/sourcemap-codec-1.4.15.tgz}
    dev: true

  /@rollup/plugin-commonjs@24.0.1:
    resolution: {integrity: sha1-1Uuiaj48SV3DMr0nqB9+ni30b5A=, tarball: http://registry.m.jd.com/@rollup/plugin-commonjs/download/@rollup/plugin-commonjs-24.0.1.tgz}
    engines: {node: '>=14.0.0'}
    peerDependencies:
      rollup: ^2.68.0||^3.0.0
    peerDependenciesMeta:
      rollup:
        optional: true
    dependencies:
      '@rollup/pluginutils': 5.0.2
      commondir: 1.0.1
      estree-walker: 2.0.2
      glob: 8.1.0
      is-reference: 1.2.1
      magic-string: 0.27.0
    dev: true

  /@rollup/pluginutils@5.0.2:
    resolution: {integrity: sha1-ASuPU8ceT2+csxfjEd8UBPVuejM=, tarball: http://registry.m.jd.com/@rollup/pluginutils/download/@rollup/pluginutils-5.0.2.tgz}
    engines: {node: '>=14.0.0'}
    peerDependencies:
      rollup: ^1.20.0||^2.0.0||^3.0.0
    peerDependenciesMeta:
      rollup:
        optional: true
    dependencies:
      '@types/estree': 1.0.1
      estree-walker: 2.0.2
      picomatch: 2.3.1
    dev: true

  /@types/estree@1.0.1:
    resolution: {integrity: sha1-qiJ1CWLzvw5511PTzAZ/AQyV8ZQ=, tarball: http://registry.m.jd.com/@types/estree/download/@types/estree-1.0.1.tgz}
    dev: true

  /@types/prop-types@15.7.5:
    resolution: {integrity: sha1-XxnSuFqY6VWANvajysyIGUIPBc8=, tarball: http://registry.m.jd.com/@types/prop-types/download/@types/prop-types-15.7.5.tgz}

  /@types/react@18.2.21:
    resolution: {integrity: sha1-d0w3/QG1ItC5Gu0EgRtY5OBRTtk=, tarball: http://registry.m.jd.com/@types/react/download/@types/react-18.2.21.tgz}
    dependencies:
      '@types/prop-types': 15.7.5
      '@types/scheduler': 0.16.3
      csstype: 3.1.2

  /@types/scheduler@0.16.3:
    resolution: {integrity: sha1-zvCePsmvHWPSpsxbODpzfiTm3PU=, tarball: http://registry.m.jd.com/@types/scheduler/download/@types/scheduler-0.16.3.tgz}

  /@vue/compiler-core@3.2.47:
    resolution: {integrity: sha1-PgfGhNdIl6yapZIsUgdB8wKSZ/g=, tarball: http://registry.m.jd.com/@vue/compiler-core/download/@vue/compiler-core-3.2.47.tgz}
    dependencies:
      '@babel/parser': 7.21.8
      '@vue/shared': 3.2.47
      estree-walker: 2.0.2
      source-map: 0.6.1
    dev: true

  /@vue/compiler-dom@3.2.47:
    resolution: {integrity: sha1-oLBsr373BWk55WPcqpy94weU8wU=, tarball: http://registry.m.jd.com/@vue/compiler-dom/download/@vue/compiler-dom-3.2.47.tgz}
    dependencies:
      '@vue/compiler-core': 3.2.47
      '@vue/shared': 3.2.47
    dev: true

  /@vue/compiler-sfc@3.2.47:
    resolution: {integrity: sha1-G9w29s3BZD9y4sOX6xo5j1AErT0=, tarball: http://registry.m.jd.com/@vue/compiler-sfc/download/@vue/compiler-sfc-3.2.47.tgz}
    dependencies:
      '@babel/parser': 7.21.8
      '@vue/compiler-core': 3.2.47
      '@vue/compiler-dom': 3.2.47
      '@vue/compiler-ssr': 3.2.47
      '@vue/reactivity-transform': 3.2.47
      '@vue/shared': 3.2.47
      estree-walker: 2.0.2
      magic-string: 0.25.9
      postcss: 8.4.23
      source-map: 0.6.1
    dev: true

  /@vue/compiler-ssr@3.2.47:
    resolution: {integrity: sha1-NYcsAaJzqsTWBwq52NqRirEwV+4=, tarball: http://registry.m.jd.com/@vue/compiler-ssr/download/@vue/compiler-ssr-3.2.47.tgz}
    dependencies:
      '@vue/compiler-dom': 3.2.47
      '@vue/shared': 3.2.47
    dev: true

  /@vue/reactivity-transform@3.2.47:
    resolution: {integrity: sha1-5F300GNw+KvykIGhav0lz/um2E4=, tarball: http://registry.m.jd.com/@vue/reactivity-transform/download/@vue/reactivity-transform-3.2.47.tgz}
    dependencies:
      '@babel/parser': 7.21.8
      '@vue/compiler-core': 3.2.47
      '@vue/shared': 3.2.47
      estree-walker: 2.0.2
      magic-string: 0.25.9
    dev: true

  /@vue/reactivity@3.2.47:
    resolution: {integrity: sha1-HWOZB06t/D7TXHJ+L9cH1ogRQLY=, tarball: http://registry.m.jd.com/@vue/reactivity/download/@vue/reactivity-3.2.47.tgz}
    dependencies:
      '@vue/shared': 3.2.47
    dev: true

  /@vue/runtime-core@3.2.47:
    resolution: {integrity: sha1-QG663j1VUcAPxkCbvB7rEPMuEh0=, tarball: http://registry.m.jd.com/@vue/runtime-core/download/@vue/runtime-core-3.2.47.tgz}
    dependencies:
      '@vue/reactivity': 3.2.47
      '@vue/shared': 3.2.47
    dev: true

  /@vue/runtime-dom@3.2.47:
    resolution: {integrity: sha1-k+dg7q6rhN7ft8Pq8+1Y13Ypk4I=, tarball: http://registry.m.jd.com/@vue/runtime-dom/download/@vue/runtime-dom-3.2.47.tgz}
    dependencies:
      '@vue/runtime-core': 3.2.47
      '@vue/shared': 3.2.47
      csstype: 2.6.21
    dev: true

  /@vue/server-renderer@3.2.47(vue@3.2.47):
    resolution: {integrity: sha1-iqHRhx/E61p4Uap/dB+PcA5t48A=, tarball: http://registry.m.jd.com/@vue/server-renderer/download/@vue/server-renderer-3.2.47.tgz}
    peerDependencies:
      vue: 3.2.47
    dependencies:
      '@vue/compiler-ssr': 3.2.47
      '@vue/shared': 3.2.47
      vue: 3.2.47
    dev: true

  /@vue/shared@3.2.47:
    resolution: {integrity: sha1-5ZfvdQhsbolv9UeKa/wKeqS70Uw=, tarball: http://registry.m.jd.com/@vue/shared/download/@vue/shared-3.2.47.tgz}
    dev: true

  /balanced-match@1.0.2:
    resolution: {integrity: sha1-6D46fj8wCzTLnYf2FfoMvzV2kO4=, tarball: http://registry.m.jd.com/balanced-match/download/balanced-match-1.0.2.tgz}
    dev: true

  /brace-expansion@2.0.1:
    resolution: {integrity: sha1-HtxFng8MVISG7Pn8mfIiE2S5oK4=, tarball: http://registry.m.jd.com/brace-expansion/download/brace-expansion-2.0.1.tgz}
    dependencies:
      balanced-match: 1.0.2
    dev: true

  /commondir@1.0.1:
    resolution: {integrity: sha1-3dgA2gxmEnOTzKWVDqloo6rxJTs=, tarball: http://registry.m.jd.com/commondir/download/commondir-1.0.1.tgz}
    dev: true

  /csstype@2.6.21:
    resolution: {integrity: sha1-LvuFt8xVyAAXxmpa18vZMf2jqQ4=, tarball: http://registry.m.jd.com/csstype/download/csstype-2.6.21.tgz}
    dev: true

  /csstype@3.1.2:
    resolution: {integrity: sha1-HUv51XLxHBQDHwQ24cELwfVx9Qs=, tarball: http://registry.m.jd.com/csstype/download/csstype-3.1.2.tgz}

  /esbuild@0.16.17:
    resolution: {integrity: sha1-/Cw5FMV+51BjX+5xuJ9hXyUGUlk=, tarball: http://registry.m.jd.com/esbuild/download/esbuild-0.16.17.tgz}
    engines: {node: '>=12'}
    hasBin: true
    requiresBuild: true
    optionalDependencies:
      '@esbuild/android-arm': 0.16.17
      '@esbuild/android-arm64': 0.16.17
      '@esbuild/android-x64': 0.16.17
      '@esbuild/darwin-arm64': 0.16.17
      '@esbuild/darwin-x64': 0.16.17
      '@esbuild/freebsd-arm64': 0.16.17
      '@esbuild/freebsd-x64': 0.16.17
      '@esbuild/linux-arm': 0.16.17
      '@esbuild/linux-arm64': 0.16.17
      '@esbuild/linux-ia32': 0.16.17
      '@esbuild/linux-loong64': 0.16.17
      '@esbuild/linux-mips64el': 0.16.17
      '@esbuild/linux-ppc64': 0.16.17
      '@esbuild/linux-riscv64': 0.16.17
      '@esbuild/linux-s390x': 0.16.17
      '@esbuild/linux-x64': 0.16.17
      '@esbuild/netbsd-x64': 0.16.17
      '@esbuild/openbsd-x64': 0.16.17
      '@esbuild/sunos-x64': 0.16.17
      '@esbuild/win32-arm64': 0.16.17
      '@esbuild/win32-ia32': 0.16.17
      '@esbuild/win32-x64': 0.16.17
    dev: true

  /estree-walker@2.0.2:
    resolution: {integrity: sha1-UvAQF4wqTBF6d1fP6UKtt9LaTKw=, tarball: http://registry.m.jd.com/estree-walker/download/estree-walker-2.0.2.tgz}
    dev: true

  /fs.realpath@1.0.0:
    resolution: {integrity: sha1-FQStJSMVjKpA20onh8sBQRmU6k8=, tarball: http://registry.m.jd.com/fs.realpath/download/fs.realpath-1.0.0.tgz}
    dev: true

  /fsevents@2.3.2:
    resolution: {integrity: sha1-ilJveLj99GI7cJ4Ll1xSwkwC/Ro=, tarball: http://registry.m.jd.com/fsevents/download/fsevents-2.3.2.tgz}
    engines: {node: ^8.16.0 || ^10.6.0 || >=11.0.0}
    requiresBuild: true
    dev: true
    optional: true

  /function-bind@1.1.1:
    resolution: {integrity: sha1-pWiZ0+o8m6uHS7l3O3xe3pL0iV0=, tarball: http://registry.m.jd.com/function-bind/download/function-bind-1.1.1.tgz}
    dev: true

  /glob@8.1.0:
    resolution: {integrity: sha1-04j2Vlk+9wjuPjRkD9+5mp/Rwz4=, tarball: http://registry.m.jd.com/glob/download/glob-8.1.0.tgz}
    engines: {node: '>=12'}
    dependencies:
      fs.realpath: 1.0.0
      inflight: 1.0.6
      inherits: 2.0.4
      minimatch: 5.1.6
      once: 1.4.0
    dev: true

  /has@1.0.3:
    resolution: {integrity: sha1-ci18v8H2qoJB8W3YFOAR4fQeh5Y=, tarball: http://registry.m.jd.com/has/download/has-1.0.3.tgz}
    engines: {node: '>= 0.4.0'}
    dependencies:
      function-bind: 1.1.1
    dev: true

  /immer@10.0.1:
    resolution: {integrity: sha1-kGWuuFajlnCm8ZtEmhIiIYvIzyQ=, tarball: http://registry.m.jd.com/immer/download/immer-10.0.1.tgz}

  /inflight@1.0.6:
    resolution: {integrity: sha1-Sb1jMdfQLQwJvJEKEHW6gWW1bfk=, tarball: http://registry.m.jd.com/inflight/download/inflight-1.0.6.tgz}
    dependencies:
      once: 1.4.0
      wrappy: 1.0.2
    dev: true

  /inherits@2.0.4:
    resolution: {integrity: sha1-D6LGT5MpF8NDOg3tVTY6rjdBa3w=, tarball: http://registry.m.jd.com/inherits/download/inherits-2.0.4.tgz}
    dev: true

  /is-core-module@2.12.0:
    resolution: {integrity: sha1-Nq1i9vc8glP9ZHJRehJIPPA+fsQ=, tarball: http://registry.m.jd.com/is-core-module/download/is-core-module-2.12.0.tgz}
    dependencies:
      has: 1.0.3
    dev: true

  /is-reference@1.2.1:
    resolution: {integrity: sha1-iy2sCzcfS8mU/eq6nrVC0DAC0Lc=, tarball: http://registry.m.jd.com/is-reference/download/is-reference-1.2.1.tgz}
    dependencies:
      '@types/estree': 1.0.1
    dev: true

  /js-tokens@4.0.0:
    resolution: {integrity: sha1-GSA/tZmR35jjoocFDUZHzerzJJk=, tarball: http://registry.m.jd.com/js-tokens/download/js-tokens-4.0.0.tgz}

  /loose-envify@1.4.0:
    resolution: {integrity: sha1-ce5R+nvkyuwaY4OffmgtgTLTDK8=, tarball: http://registry.m.jd.com/loose-envify/download/loose-envify-1.4.0.tgz}
    hasBin: true
    dependencies:
      js-tokens: 4.0.0

  /magic-string@0.25.9:
    resolution: {integrity: sha1-3n+fr5HvihyR0CwuUxTIJ3283Rw=, tarball: http://registry.m.jd.com/magic-string/download/magic-string-0.25.9.tgz}
    dependencies:
      sourcemap-codec: 1.4.8
    dev: true

  /magic-string@0.27.0:
    resolution: {integrity: sha1-5KNBO0urbZjSvs/9SLSiV+/9u/M=, tarball: http://registry.m.jd.com/magic-string/download/magic-string-0.27.0.tgz}
    engines: {node: '>=12'}
    dependencies:
      '@jridgewell/sourcemap-codec': 1.4.15
    dev: true

  /minimatch@5.1.6:
    resolution: {integrity: sha1-HPy4z1Ui6mmVLNKvla4JR38SKpY=, tarball: http://registry.m.jd.com/minimatch/download/minimatch-5.1.6.tgz}
    engines: {node: '>=10'}
    dependencies:
      brace-expansion: 2.0.1
    dev: true

  /nanoid@3.3.6:
    resolution: {integrity: sha1-RDOAyFbW6fmCQmfZYLQjatWD6kw=, tarball: http://registry.m.jd.com/nanoid/download/nanoid-3.3.6.tgz}
    engines: {node: ^10 || ^12 || ^13.7 || ^14 || >=15.0.1}
    hasBin: true
    dev: true

  /once@1.4.0:
    resolution: {integrity: sha1-WDsap3WWHUsROsF9nFC6753Xa9E=, tarball: http://registry.m.jd.com/once/download/once-1.4.0.tgz}
    dependencies:
      wrappy: 1.0.2
    dev: true

  /path-parse@1.0.7:
    resolution: {integrity: sha1-+8EUtgykKzDZ2vWFjkvWi77bZzU=, tarball: http://registry.m.jd.com/path-parse/download/path-parse-1.0.7.tgz}
    dev: true

  /picocolors@1.0.0:
    resolution: {integrity: sha1-y1vcdP8/UYkiNur3nWi8RFZKuBw=, tarball: http://registry.m.jd.com/picocolors/download/picocolors-1.0.0.tgz}
    dev: true

  /picomatch@2.3.1:
    resolution: {integrity: sha1-O6ODNzNkbZ0+SZWUbBNlpn+wekI=, tarball: http://registry.m.jd.com/picomatch/download/picomatch-2.3.1.tgz}
    engines: {node: '>=8.6'}
    dev: true

  /postcss@8.4.23:
    resolution: {integrity: sha1-3wrumsfF5T4QdcJKNhNJb55lUqs=, tarball: http://registry.m.jd.com/postcss/download/postcss-8.4.23.tgz}
    engines: {node: ^10 || ^12 || >=14}
    dependencies:
      nanoid: 3.3.6
      picocolors: 1.0.0
      source-map-js: 1.0.2
    dev: true

  /react@18.2.0:
    resolution: {integrity: sha1-VVvZhZKIMlX6AN4U8RUakXtdd9U=, tarball: http://registry.m.jd.com/react/download/react-18.2.0.tgz}
    engines: {node: '>=0.10.0'}
    dependencies:
      loose-envify: 1.4.0

  /resolve@1.22.2:
    resolution: {integrity: sha1-DtCUPU4wGGeVV2bJ8+GubQHGhF8=, tarball: http://registry.m.jd.com/resolve/download/resolve-1.22.2.tgz}
    hasBin: true
    dependencies:
      is-core-module: 2.12.0
      path-parse: 1.0.7
      supports-preserve-symlinks-flag: 1.0.0
    dev: true

  /rollup@3.21.5:
    resolution: {integrity: sha1-H7rkPcEHlJewRgRwfxz5eeUb/kk=, tarball: http://registry.m.jd.com/rollup/download/rollup-3.21.5.tgz}
    engines: {node: '>=14.18.0', npm: '>=8.0.0'}
    hasBin: true
    optionalDependencies:
      fsevents: 2.3.2
    dev: true

  /source-map-js@1.0.2:
    resolution: {integrity: sha1-rbw2HZxi3zgBJefxYfccgm8eSQw=, tarball: http://registry.m.jd.com/source-map-js/download/source-map-js-1.0.2.tgz}
    engines: {node: '>=0.10.0'}
    dev: true

  /source-map@0.6.1:
    resolution: {integrity: sha1-dHIq8y6WFOnCh6jQu95IteLxomM=, tarball: http://registry.m.jd.com/source-map/download/source-map-0.6.1.tgz}
    engines: {node: '>=0.10.0'}
    dev: true

  /sourcemap-codec@1.4.8:
    resolution: {integrity: sha1-6oBL2UhXQC5pktBaOO8a41qatMQ=, tarball: http://registry.m.jd.com/sourcemap-codec/download/sourcemap-codec-1.4.8.tgz}
    deprecated: Please use @jridgewell/sourcemap-codec instead
    dev: true

  /supports-preserve-symlinks-flag@1.0.0:
    resolution: {integrity: sha1-btpL00SjyUrqN21MwxvHcxEDngk=, tarball: http://registry.m.jd.com/supports-preserve-symlinks-flag/download/supports-preserve-symlinks-flag-1.0.0.tgz}
    engines: {node: '>= 0.4'}
    dev: true

  /to-fast-properties@2.0.0:
    resolution: {integrity: sha1-3F5pjL0HkmW8c+A3doGk5Og/YW4=, tarball: http://registry.m.jd.com/to-fast-properties/download/to-fast-properties-2.0.0.tgz}
    engines: {node: '>=4'}
    dev: true

  /typescript@4.9.3:
    resolution: {integrity: sha1-OuowfBdGuMOEQ12Kw2uKLlgNhds=, tarball: http://registry.m.jd.com/typescript/download/typescript-4.9.3.tgz}
    engines: {node: '>=4.2.0'}
    hasBin: true
    dev: true

  /use-sync-external-store@1.2.0(react@18.2.0):
    resolution: {integrity: sha1-fb79bvP+TnZ6DPXXKHqs+1hGkoo=, tarball: http://registry.m.jd.com/use-sync-external-store/download/use-sync-external-store-1.2.0.tgz}
    peerDependencies:
      react: ^16.8.0 || ^17.0.0 || ^18.0.0
    dependencies:
      react: 18.2.0

  /vite@4.0.4:
    resolution: {integrity: sha1-RhLOC0e7sjOoh6VKSuDG4kCg2jE=, tarball: http://registry.m.jd.com/vite/download/vite-4.0.4.tgz}
    engines: {node: ^14.18.0 || >=16.0.0}
    hasBin: true
    peerDependencies:
      '@types/node': '>= 14'
      less: '*'
      sass: '*'
      stylus: '*'
      sugarss: '*'
      terser: ^5.4.0
    peerDependenciesMeta:
      '@types/node':
        optional: true
      less:
        optional: true
      sass:
        optional: true
      stylus:
        optional: true
      sugarss:
        optional: true
      terser:
        optional: true
    dependencies:
      esbuild: 0.16.17
      postcss: 8.4.23
      resolve: 1.22.2
      rollup: 3.21.5
    optionalDependencies:
      fsevents: 2.3.2
    dev: true

  /vue@3.2.47:
    resolution: {integrity: sha1-Prc2y8YG/IcDjbumoVRwfIo0z/A=, tarball: http://registry.m.jd.com/vue/download/vue-3.2.47.tgz}
    dependencies:
      '@vue/compiler-dom': 3.2.47
      '@vue/compiler-sfc': 3.2.47
      '@vue/runtime-dom': 3.2.47
      '@vue/server-renderer': 3.2.47(vue@3.2.47)
      '@vue/shared': 3.2.47
    dev: true

  /wrappy@1.0.2:
    resolution: {integrity: sha1-tSQ9jz7BqjXxNkYFvA0QNuMKtp8=, tarball: http://registry.m.jd.com/wrappy/download/wrappy-1.0.2.tgz}
    dev: true

  /zustand-vue@1.0.0-beta.19(vue@3.2.47)(zustand@4.4.1):
    resolution: {integrity: sha1-nizpBExwTpPz/HJ+gQHmFZ6at1s=, tarball: http://registry.m.jd.com/zustand-vue/download/zustand-vue-1.0.0-beta.19.tgz}
    peerDependencies:
      vue: '>=2.6.0'
      zustand: '>=4.1.4'
    dependencies:
      vue: 3.2.47
      zustand: 4.4.1(@types/react@18.2.21)(immer@10.0.1)(react@18.2.0)
    dev: true

  /zustand@4.4.1(@types/react@18.2.21)(immer@10.0.1)(react@18.2.0):
    resolution: {integrity: sha1-DNOj5HVvIYEb2VZBj9xoaHfos7A=, tarball: http://registry.m.jd.com/zustand/download/zustand-4.4.1.tgz}
    engines: {node: '>=12.7.0'}
    peerDependencies:
      '@types/react': '>=16.8'
      immer: '>=9.0'
      react: '>=16.8'
    dependencies:
      '@types/react': 18.2.21
      immer: 10.0.1
      react: 18.2.0
      use-sync-external-store: 1.2.0(react@18.2.0)
