# THIS IS AN AUTOGENERATED FILE. DO NOT EDIT THIS FILE DIRECTLY.
# yarn lockfile v1


"@esbuild/android-arm64@0.16.17":
  version "0.16.17"
  resolved "https://registry.npmjs.org/@esbuild/android-arm64/-/android-arm64-0.16.17.tgz#cf91e86df127aa3d141744edafcba0abdc577d23"
  integrity sha512-MIGl6p5sc3RDTLLkYL1MyL8BMRN4tLMRCn+yRJJmEDvYZ2M7tmAf80hx1kbNEUX2KJ50RRtxZ4JHLvCfuB6kBg==

"@esbuild/android-arm@0.16.17":
  version "0.16.17"
  resolved "https://registry.npmjs.org/@esbuild/android-arm/-/android-arm-0.16.17.tgz#025b6246d3f68b7bbaa97069144fb5fb70f2fff2"
  integrity sha512-N9x1CMXVhtWEAMS7pNNONyA14f71VPQN9Cnavj1XQh6T7bskqiLLrSca4O0Vr8Wdcga943eThxnVp3JLnBMYtw==

"@esbuild/android-x64@0.16.17":
  version "0.16.17"
  resolved "https://registry.npmjs.org/@esbuild/android-x64/-/android-x64-0.16.17.tgz#c820e0fef982f99a85c4b8bfdd582835f04cd96e"
  integrity sha512-a3kTv3m0Ghh4z1DaFEuEDfz3OLONKuFvI4Xqczqx4BqLyuFaFkuaG4j2MtA6fuWEFeC5x9IvqnX7drmRq/fyAQ==

"@esbuild/darwin-arm64@0.16.17":
  version "0.16.17"
  resolved "https://registry.npmjs.org/@esbuild/darwin-arm64/-/darwin-arm64-0.16.17.tgz#edef4487af6b21afabba7be5132c26d22379b220"
  integrity sha512-/2agbUEfmxWHi9ARTX6OQ/KgXnOWfsNlTeLcoV7HSuSTv63E4DqtAc+2XqGw1KHxKMHGZgbVCZge7HXWX9Vn+w==

"@esbuild/darwin-x64@0.16.17":
  version "0.16.17"
  resolved "https://registry.npmjs.org/@esbuild/darwin-x64/-/darwin-x64-0.16.17.tgz#42829168730071c41ef0d028d8319eea0e2904b4"
  integrity sha512-2By45OBHulkd9Svy5IOCZt376Aa2oOkiE9QWUK9fe6Tb+WDr8hXL3dpqi+DeLiMed8tVXspzsTAvd0jUl96wmg==

"@esbuild/freebsd-arm64@0.16.17":
  version "0.16.17"
  resolved "https://registry.npmjs.org/@esbuild/freebsd-arm64/-/freebsd-arm64-0.16.17.tgz#1f4af488bfc7e9ced04207034d398e793b570a27"
  integrity sha512-mt+cxZe1tVx489VTb4mBAOo2aKSnJ33L9fr25JXpqQqzbUIw/yzIzi+NHwAXK2qYV1lEFp4OoVeThGjUbmWmdw==

"@esbuild/freebsd-x64@0.16.17":
  version "0.16.17"
  resolved "https://registry.npmjs.org/@esbuild/freebsd-x64/-/freebsd-x64-0.16.17.tgz#636306f19e9bc981e06aa1d777302dad8fddaf72"
  integrity sha512-8ScTdNJl5idAKjH8zGAsN7RuWcyHG3BAvMNpKOBaqqR7EbUhhVHOqXRdL7oZvz8WNHL2pr5+eIT5c65kA6NHug==

"@esbuild/linux-arm64@0.16.17":
  version "0.16.17"
  resolved "https://registry.npmjs.org/@esbuild/linux-arm64/-/linux-arm64-0.16.17.tgz#a003f7ff237c501e095d4f3a09e58fc7b25a4aca"
  integrity sha512-7S8gJnSlqKGVJunnMCrXHU9Q8Q/tQIxk/xL8BqAP64wchPCTzuM6W3Ra8cIa1HIflAvDnNOt2jaL17vaW+1V0g==

"@esbuild/linux-arm@0.16.17":
  version "0.16.17"
  resolved "https://registry.npmjs.org/@esbuild/linux-arm/-/linux-arm-0.16.17.tgz#b591e6a59d9c4fe0eeadd4874b157ab78cf5f196"
  integrity sha512-iihzrWbD4gIT7j3caMzKb/RsFFHCwqqbrbH9SqUSRrdXkXaygSZCZg1FybsZz57Ju7N/SHEgPyaR0LZ8Zbe9gQ==

"@esbuild/linux-ia32@0.16.17":
  version "0.16.17"
  resolved "https://registry.npmjs.org/@esbuild/linux-ia32/-/linux-ia32-0.16.17.tgz#24333a11027ef46a18f57019450a5188918e2a54"
  integrity sha512-kiX69+wcPAdgl3Lonh1VI7MBr16nktEvOfViszBSxygRQqSpzv7BffMKRPMFwzeJGPxcio0pdD3kYQGpqQ2SSg==

"@esbuild/linux-loong64@0.16.17":
  version "0.16.17"
  resolved "https://registry.npmjs.org/@esbuild/linux-loong64/-/linux-loong64-0.16.17.tgz#d5ad459d41ed42bbd4d005256b31882ec52227d8"
  integrity sha512-dTzNnQwembNDhd654cA4QhbS9uDdXC3TKqMJjgOWsC0yNCbpzfWoXdZvp0mY7HU6nzk5E0zpRGGx3qoQg8T2DQ==

"@esbuild/linux-mips64el@0.16.17":
  version "0.16.17"
  resolved "https://registry.npmjs.org/@esbuild/linux-mips64el/-/linux-mips64el-0.16.17.tgz#4e5967a665c38360b0a8205594377d4dcf9c3726"
  integrity sha512-ezbDkp2nDl0PfIUn0CsQ30kxfcLTlcx4Foz2kYv8qdC6ia2oX5Q3E/8m6lq84Dj/6b0FrkgD582fJMIfHhJfSw==

"@esbuild/linux-ppc64@0.16.17":
  version "0.16.17"
  resolved "https://registry.npmjs.org/@esbuild/linux-ppc64/-/linux-ppc64-0.16.17.tgz#206443a02eb568f9fdf0b438fbd47d26e735afc8"
  integrity sha512-dzS678gYD1lJsW73zrFhDApLVdM3cUF2MvAa1D8K8KtcSKdLBPP4zZSLy6LFZ0jYqQdQ29bjAHJDgz0rVbLB3g==

"@esbuild/linux-riscv64@0.16.17":
  version "0.16.17"
  resolved "https://registry.npmjs.org/@esbuild/linux-riscv64/-/linux-riscv64-0.16.17.tgz#c351e433d009bf256e798ad048152c8d76da2fc9"
  integrity sha512-ylNlVsxuFjZK8DQtNUwiMskh6nT0vI7kYl/4fZgV1llP5d6+HIeL/vmmm3jpuoo8+NuXjQVZxmKuhDApK0/cKw==

"@esbuild/linux-s390x@0.16.17":
  version "0.16.17"
  resolved "https://registry.npmjs.org/@esbuild/linux-s390x/-/linux-s390x-0.16.17.tgz#661f271e5d59615b84b6801d1c2123ad13d9bd87"
  integrity sha512-gzy7nUTO4UA4oZ2wAMXPNBGTzZFP7mss3aKR2hH+/4UUkCOyqmjXiKpzGrY2TlEUhbbejzXVKKGazYcQTZWA/w==

"@esbuild/linux-x64@0.16.17":
  version "0.16.17"
  resolved "https://registry.npmjs.org/@esbuild/linux-x64/-/linux-x64-0.16.17.tgz#e4ba18e8b149a89c982351443a377c723762b85f"
  integrity sha512-mdPjPxfnmoqhgpiEArqi4egmBAMYvaObgn4poorpUaqmvzzbvqbowRllQ+ZgzGVMGKaPkqUmPDOOFQRUFDmeUw==

"@esbuild/netbsd-x64@0.16.17":
  version "0.16.17"
  resolved "https://registry.npmjs.org/@esbuild/netbsd-x64/-/netbsd-x64-0.16.17.tgz#7d4f4041e30c5c07dd24ffa295c73f06038ec775"
  integrity sha512-/PzmzD/zyAeTUsduZa32bn0ORug+Jd1EGGAUJvqfeixoEISYpGnAezN6lnJoskauoai0Jrs+XSyvDhppCPoKOA==

"@esbuild/openbsd-x64@0.16.17":
  version "0.16.17"
  resolved "https://registry.npmjs.org/@esbuild/openbsd-x64/-/openbsd-x64-0.16.17.tgz#970fa7f8470681f3e6b1db0cc421a4af8060ec35"
  integrity sha512-2yaWJhvxGEz2RiftSk0UObqJa/b+rIAjnODJgv2GbGGpRwAfpgzyrg1WLK8rqA24mfZa9GvpjLcBBg8JHkoodg==

"@esbuild/sunos-x64@0.16.17":
  version "0.16.17"
  resolved "https://registry.npmjs.org/@esbuild/sunos-x64/-/sunos-x64-0.16.17.tgz#abc60e7c4abf8b89fb7a4fe69a1484132238022c"
  integrity sha512-xtVUiev38tN0R3g8VhRfN7Zl42YCJvyBhRKw1RJjwE1d2emWTVToPLNEQj/5Qxc6lVFATDiy6LjVHYhIPrLxzw==

"@esbuild/win32-arm64@0.16.17":
  version "0.16.17"
  resolved "https://registry.npmjs.org/@esbuild/win32-arm64/-/win32-arm64-0.16.17.tgz#7b0ff9e8c3265537a7a7b1fd9a24e7bd39fcd87a"
  integrity sha512-ga8+JqBDHY4b6fQAmOgtJJue36scANy4l/rL97W+0wYmijhxKetzZdKOJI7olaBaMhWt8Pac2McJdZLxXWUEQw==

"@esbuild/win32-ia32@0.16.17":
  version "0.16.17"
  resolved "https://registry.npmjs.org/@esbuild/win32-ia32/-/win32-ia32-0.16.17.tgz#e90fe5267d71a7b7567afdc403dfd198c292eb09"
  integrity sha512-WnsKaf46uSSF/sZhwnqE4L/F89AYNMiD4YtEcYekBt9Q7nj0DiId2XH2Ng2PHM54qi5oPrQ8luuzGszqi/veig==

"@esbuild/win32-x64@0.16.17":
  version "0.16.17"
  resolved "https://registry.npmjs.org/@esbuild/win32-x64/-/win32-x64-0.16.17.tgz#c5a1a4bfe1b57f0c3e61b29883525c6da3e5c091"
  integrity sha512-y+EHuSchhL7FjHgvQL/0fnnFmO4T1bhvWANX6gcnqTjtnKWbTvUMCpGnv2+t+31d7RzyEAYAd4u2fnIhHL6N/Q==

"@jridgewell/sourcemap-codec@^1.4.13":
  version "1.4.14"
  resolved "https://registry.npmjs.org/@jridgewell/sourcemap-codec/-/sourcemap-codec-1.4.14.tgz#add4c98d341472a289190b424efbdb096991bb24"
  integrity sha512-XPSJHWmi394fuUuzDnGz1wiKqWfo1yXecHQMRf2l6hztTO+nPru658AyDngaBe7isIxEkRsPR3FZh+s7iVa4Uw==

"@rollup/plugin-commonjs@^24.0.1":
  version "24.0.1"
  resolved "https://registry.npmjs.org/@rollup/plugin-commonjs/-/plugin-commonjs-24.0.1.tgz#d54ba26a3e3c495dc332bd27a81f7e9e2df46f90"
  integrity sha512-15LsiWRZk4eOGqvrJyu3z3DaBu5BhXIMeWnijSRvd8irrrg9SHpQ1pH+BUK4H6Z9wL9yOxZJMTLU+Au86XHxow==
  dependencies:
    "@rollup/pluginutils" "^5.0.1"
    commondir "^1.0.1"
    estree-walker "^2.0.2"
    glob "^8.0.3"
    is-reference "1.2.1"
    magic-string "^0.27.0"

"@rollup/pluginutils@^5.0.1":
  version "5.0.2"
  resolved "https://registry.npmjs.org/@rollup/pluginutils/-/pluginutils-5.0.2.tgz#012b8f53c71e4f6f9cb317e311df1404f56e7a33"
  integrity sha512-pTd9rIsP92h+B6wWwFbW8RkZv4hiR/xKsqre4SIuAOaOEQRxi0lqLke9k2/7WegC85GgUs9pjmOjCUi3In4vwA==
  dependencies:
    "@types/estree" "^1.0.0"
    estree-walker "^2.0.2"
    picomatch "^2.3.1"

"@types/estree@*", "@types/estree@^1.0.0":
  version "1.0.0"
  resolved "https://registry.npmjs.org/@types/estree/-/estree-1.0.0.tgz#5fb2e536c1ae9bf35366eed879e827fa59ca41c2"
  integrity sha512-WulqXMDUTYAXCjZnk6JtIHPigp55cVtDgDrO2gHRwhyJto21+1zbVCtOYB2L1F9w4qCQ0rOGWBnBe0FNTiEJIQ==

balanced-match@^1.0.0:
  version "1.0.2"
  resolved "https://registry.npmjs.org/balanced-match/-/balanced-match-1.0.2.tgz#e83e3a7e3f300b34cb9d87f615fa0cbf357690ee"
  integrity sha512-3oSeUO0TMV67hN1AmbXsK4yaqU7tjiHlbxRDZOpH0KW9+CeX4bRAaX0Anxt0tx2MrpRpWwQaPwIlISEJhYU5Pw==

brace-expansion@^2.0.1:
  version "2.0.1"
  resolved "https://registry.npmjs.org/brace-expansion/-/brace-expansion-2.0.1.tgz#1edc459e0f0c548486ecf9fc99f2221364b9a0ae"
  integrity sha512-XnAIvQ8eM+kC6aULx6wuQiwVsnzsi9d3WxzV3FpWTGA19F621kwdbsAcFKXgKUHZWsy+mY6iL1sHTxWEFCytDA==
  dependencies:
    balanced-match "^1.0.0"

commondir@^1.0.1:
  version "1.0.1"
  resolved "https://registry.npmjs.org/commondir/-/commondir-1.0.1.tgz#ddd800da0c66127393cca5950ea968a3aaf1253b"
  integrity sha512-W9pAhw0ja1Edb5GVdIF1mjZw/ASI0AlShXM83UUGe2DVr5TdAPEA1OA8m/g8zWp9x6On7gqufY+FatDbC3MDQg==

esbuild@^0.16.3:
  version "0.16.17"
  resolved "https://registry.npmjs.org/esbuild/-/esbuild-0.16.17.tgz#fc2c3914c57ee750635fee71b89f615f25065259"
  integrity sha512-G8LEkV0XzDMNwXKgM0Jwu3nY3lSTwSGY6XbxM9cr9+s0T/qSV1q1JVPBGzm3dcjhCic9+emZDmMffkwgPeOeLg==
  optionalDependencies:
    "@esbuild/android-arm" "0.16.17"
    "@esbuild/android-arm64" "0.16.17"
    "@esbuild/android-x64" "0.16.17"
    "@esbuild/darwin-arm64" "0.16.17"
    "@esbuild/darwin-x64" "0.16.17"
    "@esbuild/freebsd-arm64" "0.16.17"
    "@esbuild/freebsd-x64" "0.16.17"
    "@esbuild/linux-arm" "0.16.17"
    "@esbuild/linux-arm64" "0.16.17"
    "@esbuild/linux-ia32" "0.16.17"
    "@esbuild/linux-loong64" "0.16.17"
    "@esbuild/linux-mips64el" "0.16.17"
    "@esbuild/linux-ppc64" "0.16.17"
    "@esbuild/linux-riscv64" "0.16.17"
    "@esbuild/linux-s390x" "0.16.17"
    "@esbuild/linux-x64" "0.16.17"
    "@esbuild/netbsd-x64" "0.16.17"
    "@esbuild/openbsd-x64" "0.16.17"
    "@esbuild/sunos-x64" "0.16.17"
    "@esbuild/win32-arm64" "0.16.17"
    "@esbuild/win32-ia32" "0.16.17"
    "@esbuild/win32-x64" "0.16.17"

estree-walker@^2.0.2:
  version "2.0.2"
  resolved "https://registry.npmjs.org/estree-walker/-/estree-walker-2.0.2.tgz#52f010178c2a4c117a7757cfe942adb7d2da4cac"
  integrity sha512-Rfkk/Mp/DL7JVje3u18FxFujQlTNR2q6QfMSMB7AvCBx91NGj/ba3kCfza0f6dVDbw7YlRf/nDrn7pQrCCyQ/w==

fs.realpath@^1.0.0:
  version "1.0.0"
  resolved "https://registry.npmjs.org/fs.realpath/-/fs.realpath-1.0.0.tgz#1504ad2523158caa40db4a2787cb01411994ea4f"
  integrity sha512-OO0pH2lK6a0hZnAdau5ItzHPI6pUlvI7jMVnxUQRtw4owF2wk8lOSabtGDCTP4Ggrg2MbGnWO9X8K1t4+fGMDw==

fsevents@~2.3.2:
  version "2.3.2"
  resolved "https://registry.npmjs.org/fsevents/-/fsevents-2.3.2.tgz#8a526f78b8fdf4623b709e0b975c52c24c02fd1a"
  integrity sha512-xiqMQR4xAeHTuB9uWm+fFRcIOgKBMiOBP+eXiyT7jsgVCq1bkVygt00oASowB7EdtpOHaaPgKt812P9ab+DDKA==

function-bind@^1.1.1:
  version "1.1.1"
  resolved "https://registry.npmjs.org/function-bind/-/function-bind-1.1.1.tgz#a56899d3ea3c9bab874bb9773b7c5ede92f4895d"
  integrity sha512-yIovAzMX49sF8Yl58fSCWJ5svSLuaibPxXQJFLmBObTuCr0Mf1KiPopGM9NiFjiYBCbfaa2Fh6breQ6ANVTI0A==

glob@^8.0.3:
  version "8.1.0"
  resolved "https://registry.npmjs.org/glob/-/glob-8.1.0.tgz#d388f656593ef708ee3e34640fdfb99a9fd1c33e"
  integrity sha512-r8hpEjiQEYlF2QU0df3dS+nxxSIreXQS1qRhMJM0Q5NDdR386C7jb7Hwwod8Fgiuex+k0GFjgft18yvxm5XoCQ==
  dependencies:
    fs.realpath "^1.0.0"
    inflight "^1.0.4"
    inherits "2"
    minimatch "^5.0.1"
    once "^1.3.0"

has@^1.0.3:
  version "1.0.3"
  resolved "https://registry.npmjs.org/has/-/has-1.0.3.tgz#722d7cbfc1f6aa8241f16dd814e011e1f41e8796"
  integrity sha512-f2dvO0VU6Oej7RkWJGrehjbzMAjFp5/VKPp5tTpWIV4JHHZK1/BxbFRtf/siA2SWTe09caDmVtYYzWEIbBS4zw==
  dependencies:
    function-bind "^1.1.1"

inflight@^1.0.4:
  version "1.0.6"
  resolved "https://registry.npmjs.org/inflight/-/inflight-1.0.6.tgz#49bd6331d7d02d0c09bc910a1075ba8165b56df9"
  integrity sha512-k92I/b08q4wvFscXCLvqfsHCrjrF7yiXsQuIVvVE7N82W3+aqpzuUdBbfhWcy/FZR3/4IgflMgKLOsvPDrGCJA==
  dependencies:
    once "^1.3.0"
    wrappy "1"

inherits@2:
  version "2.0.4"
  resolved "https://registry.npmjs.org/inherits/-/inherits-2.0.4.tgz#0fa2c64f932917c3433a0ded55363aae37416b7c"
  integrity sha512-k/vGaX4/Yla3WzyMCvTQOXYeIHvqOKtnqBduzTHpzpQZzAskKMhZ2K+EnBiSM9zGSoIFeMpXKxa4dYeZIQqewQ==

is-core-module@^2.9.0:
  version "2.11.0"
  resolved "https://registry.npmjs.org/is-core-module/-/is-core-module-2.11.0.tgz#ad4cb3e3863e814523c96f3f58d26cc570ff0144"
  integrity sha512-RRjxlvLDkD1YJwDbroBHMb+cukurkDWNyHx7D3oNB5x9rb5ogcksMC5wHCadcXoo67gVr/+3GFySh3134zi6rw==
  dependencies:
    has "^1.0.3"

is-reference@1.2.1:
  version "1.2.1"
  resolved "https://registry.npmjs.org/is-reference/-/is-reference-1.2.1.tgz#8b2dac0b371f4bc994fdeaba9eb542d03002d0b7"
  integrity sha512-U82MsXXiFIrjCK4otLT+o2NA2Cd2g5MLoOVXUZjIOhLurrRxpEXzI8O0KZHr3IjLvlAH1kTPYSuqer5T9ZVBKQ==
  dependencies:
    "@types/estree" "*"

magic-string@^0.27.0:
  version "0.27.0"
  resolved "https://registry.npmjs.org/magic-string/-/magic-string-0.27.0.tgz#e4a3413b4bab6d98d2becffd48b4a257effdbbf3"
  integrity sha512-8UnnX2PeRAPZuN12svgR9j7M1uWMovg/CEnIwIG0LFkXSJJe4PdfUGiTGl8V9bsBHFUtfVINcSyYxd7q+kx9fA==
  dependencies:
    "@jridgewell/sourcemap-codec" "^1.4.13"

minimatch@^5.0.1:
  version "5.1.6"
  resolved "https://registry.npmjs.org/minimatch/-/minimatch-5.1.6.tgz#1cfcb8cf5522ea69952cd2af95ae09477f122a96"
  integrity sha512-lKwV/1brpG6mBUFHtb7NUmtABCb2WZZmm2wNiOA5hAb8VdCS4B3dtMWyvcoViccwAW/COERjXLt0zP1zXUN26g==
  dependencies:
    brace-expansion "^2.0.1"

nanoid@^3.3.4:
  version "3.3.4"
  resolved "https://registry.npmjs.org/nanoid/-/nanoid-3.3.4.tgz#730b67e3cd09e2deacf03c027c81c9d9dbc5e8ab"
  integrity sha512-MqBkQh/OHTS2egovRtLk45wEyNXwF+cokD+1YPf9u5VfJiRdAiRwB2froX5Co9Rh20xs4siNPm8naNotSD6RBw==

once@^1.3.0:
  version "1.4.0"
  resolved "https://registry.npmjs.org/once/-/once-1.4.0.tgz#583b1aa775961d4b113ac17d9c50baef9dd76bd1"
  integrity sha512-lNaJgI+2Q5URQBkccEKHTQOPaXdUxnZZElQTZY0MFUAuaEqe1E+Nyvgdz/aIyNi6Z9MzO5dv1H8n58/GELp3+w==
  dependencies:
    wrappy "1"

path-parse@^1.0.7:
  version "1.0.7"
  resolved "https://registry.npmjs.org/path-parse/-/path-parse-1.0.7.tgz#fbc114b60ca42b30d9daf5858e4bd68bbedb6735"
  integrity sha512-LDJzPVEEEPR+y48z93A0Ed0yXb8pAByGWo/k5YYdYgpY2/2EsOsksJrq7lOHxryrVOn1ejG6oAp8ahvOIQD8sw==

picocolors@^1.0.0:
  version "1.0.0"
  resolved "https://registry.npmjs.org/picocolors/-/picocolors-1.0.0.tgz#cb5bdc74ff3f51892236eaf79d68bc44564ab81c"
  integrity sha512-1fygroTLlHu66zi26VoTDv8yRgm0Fccecssto+MhsZ0D/DGW2sm8E8AjW7NU5VVTRt5GxbeZ5qBuJr+HyLYkjQ==

picomatch@^2.3.1:
  version "2.3.1"
  resolved "https://registry.npmjs.org/picomatch/-/picomatch-2.3.1.tgz#3ba3833733646d9d3e4995946c1365a67fb07a42"
  integrity sha512-JU3teHTNjmE2VCGFzuY8EXzCDVwEqB2a8fsIvwaStHhAWJEeVd1o1QD80CU6+ZdEXXSLbSsuLwJjkCBWqRQUVA==

postcss@^8.4.20:
  version "8.4.21"
  resolved "https://registry.npmjs.org/postcss/-/postcss-8.4.21.tgz#c639b719a57efc3187b13a1d765675485f4134f4"
  integrity sha512-tP7u/Sn/dVxK2NnruI4H9BG+x+Wxz6oeZ1cJ8P6G/PZY0IKk4k/63TDsQf2kQq3+qoJeLm2kIBUNlZe3zgb4Zg==
  dependencies:
    nanoid "^3.3.4"
    picocolors "^1.0.0"
    source-map-js "^1.0.2"

resolve@^1.22.1:
  version "1.22.1"
  resolved "https://registry.npmjs.org/resolve/-/resolve-1.22.1.tgz#27cb2ebb53f91abb49470a928bba7558066ac177"
  integrity sha512-nBpuuYuY5jFsli/JIs1oldw6fOQCBioohqWZg/2hiaOybXOft4lonv85uDOKXdf8rhyK159cxU5cDcK/NKk8zw==
  dependencies:
    is-core-module "^2.9.0"
    path-parse "^1.0.7"
    supports-preserve-symlinks-flag "^1.0.0"

rollup@^3.7.0:
  version "3.12.0"
  resolved "https://registry.npmjs.org/rollup/-/rollup-3.12.0.tgz#813d88ec11e36108da788fc471b3c81b365a7c29"
  integrity sha512-4MZ8kA2HNYahIjz63rzrMMRvDqQDeS9LoriJvMuV0V6zIGysP36e9t4yObUfwdT9h/szXoHQideICftcdZklWg==
  optionalDependencies:
    fsevents "~2.3.2"

source-map-js@^1.0.2:
  version "1.0.2"
  resolved "https://registry.npmjs.org/source-map-js/-/source-map-js-1.0.2.tgz#adbc361d9c62df380125e7f161f71c826f1e490c"
  integrity sha512-R0XvVJ9WusLiqTCEiGCmICCMplcCkIwwR11mOSD9CR5u+IXYdiseeEuXCVAjS54zqwkLcPNnmU4OeJ6tUrWhDw==

supports-preserve-symlinks-flag@^1.0.0:
  version "1.0.0"
  resolved "https://registry.npmjs.org/supports-preserve-symlinks-flag/-/supports-preserve-symlinks-flag-1.0.0.tgz#6eda4bd344a3c94aea376d4cc31bc77311039e09"
  integrity sha512-ot0WnXS9fgdkgIcePe6RHNk1WA8+muPa6cSjeR3V8K27q9BB1rTE3R1p7Hv0z1ZyAc8s6Vvv8DIyWf681MAt0w==

typescript@^4.9.3:
  version "4.9.5"
  resolved "https://registry.npmjs.org/typescript/-/typescript-4.9.5.tgz#095979f9bcc0d09da324d58d03ce8f8374cbe65a"
  integrity sha512-1FXk9E2Hm+QzZQ7z+McJiHL4NW1F2EzMu9Nq9i3zAaGqibafqYwCVU6WyWAuyQRRzOlxou8xZSyXLEN8oKj24g==

use-sync-external-store@1.2.0:
  version "1.2.0"
  resolved "https://registry.npmjs.org/use-sync-external-store/-/use-sync-external-store-1.2.0.tgz#7dbefd6ef3fe4e767a0cf5d7287aacfb5846928a"
  integrity sha512-eEgnFxGQ1Ife9bzYs6VLi8/4X6CObHMw9Qr9tPY43iKwsPw8xE8+EFsf/2cFZ5S3esXgpWgtSCtLNS41F+sKPA==

vite@^4.0.4:
  version "4.0.4"
  resolved "https://registry.npmjs.org/vite/-/vite-4.0.4.tgz#4612ce0b47bbb233a887a54a4ae0c6e240a0da31"
  integrity sha512-xevPU7M8FU0i/80DMR+YhgrzR5KS2ORy1B4xcX/cXLsvnUWvfHuqMmVU6N0YiJ4JWGRJJsLCgjEzKjG9/GKoSw==
  dependencies:
    esbuild "^0.16.3"
    postcss "^8.4.20"
    resolve "^1.22.1"
    rollup "^3.7.0"
  optionalDependencies:
    fsevents "~2.3.2"

wrappy@1:
  version "1.0.2"
  resolved "https://registry.npmjs.org/wrappy/-/wrappy-1.0.2.tgz#b5243d8f3ec1aa35f1364605bc0d1036e30ab69f"
  integrity sha512-l4Sp/DRseor9wL6EvV2+TuQn63dMkPjZ/sp9XkghTEbV9KlPS1xUsZ3u7/IQO4wxtcFB4bgpQPRcR3QCvezPcQ==

zustand-vue@^1.0.0-beta.6:
  version "1.0.0-beta.6"
  resolved "https://registry.npmjs.org/zustand-vue/-/zustand-vue-1.0.0-beta.6.tgz#74dc9ed6fbd200dea424f9a36fd4f4146311aa7a"
  integrity sha512-BjRqGnUZVFezhmcgumABlnsBrP7gboCs32X5v/yyA4LLto6AV9TAhqarFg+BolhoQTFOIbZ78jzK6mriIeSXfQ==
  dependencies:
    zustand "^4.1.4"

zustand@^4.1.4:
  version "4.3.2"
  resolved "https://registry.npmjs.org/zustand/-/zustand-4.3.2.tgz#bb121fcad84c5a569e94bd1a2695e1a93ba85d39"
  integrity sha512-rd4haDmlwMTVWVqwvgy00ny8rtti/klRoZjFbL/MAcDnmD5qSw/RZc+Vddstdv90M5Lv6RPgWvm1Hivyn0QgJw==
  dependencies:
    use-sync-external-store "1.2.0"
