# THIS IS AN AUTOGENERATED FILE. DO NOT EDIT THIS FILE DIRECTLY.
# yarn lockfile v1


"@babel/parser@^7.16.4":
  version "7.20.15"
  resolved "http://registry.m.jd.com/@babel/parser/download/@babel/parser-7.20.15.tgz#eec9f36d8eaf0948bb88c87a46784b5ee9fd0c89"
  integrity sha1-7snzbY6vCUi7iMh6RnhLXun9DIk=

"@esbuild/android-arm64@0.16.17":
  version "0.16.17"
  resolved "http://registry.m.jd.com/@esbuild/android-arm64/download/@esbuild/android-arm64-0.16.17.tgz#cf91e86df127aa3d141744edafcba0abdc577d23"
  integrity sha1-z5HobfEnqj0UF0Ttr8ugq9xXfSM=

"@esbuild/android-arm@0.16.17":
  version "0.16.17"
  resolved "http://registry.m.jd.com/@esbuild/android-arm/download/@esbuild/android-arm-0.16.17.tgz#025b6246d3f68b7bbaa97069144fb5fb70f2fff2"
  integrity sha1-AltiRtP2i3u6qXBpFE+1+3Dy//I=

"@esbuild/android-x64@0.16.17":
  version "0.16.17"
  resolved "http://registry.m.jd.com/@esbuild/android-x64/download/@esbuild/android-x64-0.16.17.tgz#c820e0fef982f99a85c4b8bfdd582835f04cd96e"
  integrity sha1-yCDg/vmC+ZqFxLi/3VgoNfBM2W4=

"@esbuild/darwin-arm64@0.16.17":
  version "0.16.17"
  resolved "http://registry.m.jd.com/@esbuild/darwin-arm64/download/@esbuild/darwin-arm64-0.16.17.tgz#edef4487af6b21afabba7be5132c26d22379b220"
  integrity sha1-7e9Eh69rIa+runvlEywm0iN5siA=

"@esbuild/darwin-x64@0.16.17":
  version "0.16.17"
  resolved "http://registry.m.jd.com/@esbuild/darwin-x64/download/@esbuild/darwin-x64-0.16.17.tgz#42829168730071c41ef0d028d8319eea0e2904b4"
  integrity sha1-QoKRaHMAccQe8NAo2DGe6g4pBLQ=

"@esbuild/freebsd-arm64@0.16.17":
  version "0.16.17"
  resolved "http://registry.m.jd.com/@esbuild/freebsd-arm64/download/@esbuild/freebsd-arm64-0.16.17.tgz#1f4af488bfc7e9ced04207034d398e793b570a27"
  integrity sha1-H0r0iL/H6c7QQgcDTTmOeTtXCic=

"@esbuild/freebsd-x64@0.16.17":
  version "0.16.17"
  resolved "http://registry.m.jd.com/@esbuild/freebsd-x64/download/@esbuild/freebsd-x64-0.16.17.tgz#636306f19e9bc981e06aa1d777302dad8fddaf72"
  integrity sha1-Y2MG8Z6byYHgaqHXdzAtrY/dr3I=

"@esbuild/linux-arm64@0.16.17":
  version "0.16.17"
  resolved "http://registry.m.jd.com/@esbuild/linux-arm64/download/@esbuild/linux-arm64-0.16.17.tgz#a003f7ff237c501e095d4f3a09e58fc7b25a4aca"
  integrity sha1-oAP3/yN8UB4JXU86CeWPx7JaSso=

"@esbuild/linux-arm@0.16.17":
  version "0.16.17"
  resolved "http://registry.m.jd.com/@esbuild/linux-arm/download/@esbuild/linux-arm-0.16.17.tgz#b591e6a59d9c4fe0eeadd4874b157ab78cf5f196"
  integrity sha1-tZHmpZ2cT+DurdSHSxV6t4z18ZY=

"@esbuild/linux-ia32@0.16.17":
  version "0.16.17"
  resolved "http://registry.m.jd.com/@esbuild/linux-ia32/download/@esbuild/linux-ia32-0.16.17.tgz#24333a11027ef46a18f57019450a5188918e2a54"
  integrity sha1-JDM6EQJ+9GoY9XAZRQpRiJGOKlQ=

"@esbuild/linux-loong64@0.16.17":
  version "0.16.17"
  resolved "http://registry.m.jd.com/@esbuild/linux-loong64/download/@esbuild/linux-loong64-0.16.17.tgz#d5ad459d41ed42bbd4d005256b31882ec52227d8"
  integrity sha1-1a1FnUHtQrvU0AUlazGILsUiJ9g=

"@esbuild/linux-mips64el@0.16.17":
  version "0.16.17"
  resolved "http://registry.m.jd.com/@esbuild/linux-mips64el/download/@esbuild/linux-mips64el-0.16.17.tgz#4e5967a665c38360b0a8205594377d4dcf9c3726"
  integrity sha1-TllnpmXDg2CwqCBVlDd9Tc+cNyY=

"@esbuild/linux-ppc64@0.16.17":
  version "0.16.17"
  resolved "http://registry.m.jd.com/@esbuild/linux-ppc64/download/@esbuild/linux-ppc64-0.16.17.tgz#206443a02eb568f9fdf0b438fbd47d26e735afc8"
  integrity sha1-IGRDoC61aPn98LQ4+9R9Juc1r8g=

"@esbuild/linux-riscv64@0.16.17":
  version "0.16.17"
  resolved "http://registry.m.jd.com/@esbuild/linux-riscv64/download/@esbuild/linux-riscv64-0.16.17.tgz#c351e433d009bf256e798ad048152c8d76da2fc9"
  integrity sha1-w1HkM9AJvyVueYrQSBUsjXbaL8k=

"@esbuild/linux-s390x@0.16.17":
  version "0.16.17"
  resolved "http://registry.m.jd.com/@esbuild/linux-s390x/download/@esbuild/linux-s390x-0.16.17.tgz#661f271e5d59615b84b6801d1c2123ad13d9bd87"
  integrity sha1-Zh8nHl1ZYVuEtoAdHCEjrRPZvYc=

"@esbuild/linux-x64@0.16.17":
  version "0.16.17"
  resolved "http://registry.m.jd.com/@esbuild/linux-x64/download/@esbuild/linux-x64-0.16.17.tgz#e4ba18e8b149a89c982351443a377c723762b85f"
  integrity sha1-5LoY6LFJqJyYI1FEOjd8cjdiuF8=

"@esbuild/netbsd-x64@0.16.17":
  version "0.16.17"
  resolved "http://registry.m.jd.com/@esbuild/netbsd-x64/download/@esbuild/netbsd-x64-0.16.17.tgz#7d4f4041e30c5c07dd24ffa295c73f06038ec775"
  integrity sha1-fU9AQeMMXAfdJP+ilcc/BgOOx3U=

"@esbuild/openbsd-x64@0.16.17":
  version "0.16.17"
  resolved "http://registry.m.jd.com/@esbuild/openbsd-x64/download/@esbuild/openbsd-x64-0.16.17.tgz#970fa7f8470681f3e6b1db0cc421a4af8060ec35"
  integrity sha1-lw+n+EcGgfPmsdsMxCGkr4Bg7DU=

"@esbuild/sunos-x64@0.16.17":
  version "0.16.17"
  resolved "http://registry.m.jd.com/@esbuild/sunos-x64/download/@esbuild/sunos-x64-0.16.17.tgz#abc60e7c4abf8b89fb7a4fe69a1484132238022c"
  integrity sha1-q8YOfEq/i4n7ek/mmhSEEyI4Aiw=

"@esbuild/win32-arm64@0.16.17":
  version "0.16.17"
  resolved "http://registry.m.jd.com/@esbuild/win32-arm64/download/@esbuild/win32-arm64-0.16.17.tgz#7b0ff9e8c3265537a7a7b1fd9a24e7bd39fcd87a"
  integrity sha1-ew/56MMmVTenp7H9miTnvTn82Ho=

"@esbuild/win32-ia32@0.16.17":
  version "0.16.17"
  resolved "http://registry.m.jd.com/@esbuild/win32-ia32/download/@esbuild/win32-ia32-0.16.17.tgz#e90fe5267d71a7b7567afdc403dfd198c292eb09"
  integrity sha1-6Q/lJn1xp7dWev3EA9/RmMKS6wk=

"@esbuild/win32-x64@0.16.17":
  version "0.16.17"
  resolved "http://registry.m.jd.com/@esbuild/win32-x64/download/@esbuild/win32-x64-0.16.17.tgz#c5a1a4bfe1b57f0c3e61b29883525c6da3e5c091"
  integrity sha1-xaGkv+G1fww+YbKYg1JcbaPlwJE=

"@vitejs/plugin-vue@^4.0.0":
  version "4.0.0"
  resolved "http://registry.m.jd.com/@vitejs/plugin-vue/download/@vitejs/plugin-vue-4.0.0.tgz#93815beffd23db46288c787352a8ea31a0c03e5e"
  integrity sha1-k4Fb7/0j20YojHhzUqjqMaDAPl4=

"@vue/compiler-core@3.2.47":
  version "3.2.47"
  resolved "http://registry.m.jd.com/@vue/compiler-core/download/@vue/compiler-core-3.2.47.tgz#3e07c684d74897ac9aa5922c520741f3029267f8"
  integrity sha1-PgfGhNdIl6yapZIsUgdB8wKSZ/g=
  dependencies:
    "@babel/parser" "^7.16.4"
    "@vue/shared" "3.2.47"
    estree-walker "^2.0.2"
    source-map "^0.6.1"

"@vue/compiler-dom@3.2.47":
  version "3.2.47"
  resolved "http://registry.m.jd.com/@vue/compiler-dom/download/@vue/compiler-dom-3.2.47.tgz#a0b06caf7ef7056939e563dcaa9cbde30794f305"
  integrity sha1-oLBsr373BWk55WPcqpy94weU8wU=
  dependencies:
    "@vue/compiler-core" "3.2.47"
    "@vue/shared" "3.2.47"

"@vue/compiler-sfc@3.2.47":
  version "3.2.47"
  resolved "http://registry.m.jd.com/@vue/compiler-sfc/download/@vue/compiler-sfc-3.2.47.tgz#1bdc36f6cdc1643f72e2c397eb1a398f5004ad3d"
  integrity sha1-G9w29s3BZD9y4sOX6xo5j1AErT0=
  dependencies:
    "@babel/parser" "^7.16.4"
    "@vue/compiler-core" "3.2.47"
    "@vue/compiler-dom" "3.2.47"
    "@vue/compiler-ssr" "3.2.47"
    "@vue/reactivity-transform" "3.2.47"
    "@vue/shared" "3.2.47"
    estree-walker "^2.0.2"
    magic-string "^0.25.7"
    postcss "^8.1.10"
    source-map "^0.6.1"

"@vue/compiler-ssr@3.2.47":
  version "3.2.47"
  resolved "http://registry.m.jd.com/@vue/compiler-ssr/download/@vue/compiler-ssr-3.2.47.tgz#35872c01a273aac4d6070ab9d8da918ab13057ee"
  integrity sha1-NYcsAaJzqsTWBwq52NqRirEwV+4=
  dependencies:
    "@vue/compiler-dom" "3.2.47"
    "@vue/shared" "3.2.47"

"@vue/reactivity-transform@3.2.47":
  version "3.2.47"
  resolved "http://registry.m.jd.com/@vue/reactivity-transform/download/@vue/reactivity-transform-3.2.47.tgz#e45df4d06370f8abf29081a16afd25cffba6d84e"
  integrity sha1-5F300GNw+KvykIGhav0lz/um2E4=
  dependencies:
    "@babel/parser" "^7.16.4"
    "@vue/compiler-core" "3.2.47"
    "@vue/shared" "3.2.47"
    estree-walker "^2.0.2"
    magic-string "^0.25.7"

"@vue/reactivity@3.2.47":
  version "3.2.47"
  resolved "http://registry.m.jd.com/@vue/reactivity/download/@vue/reactivity-3.2.47.tgz#1d6399074eadfc3ed35c727e2fd707d6881140b6"
  integrity sha1-HWOZB06t/D7TXHJ+L9cH1ogRQLY=
  dependencies:
    "@vue/shared" "3.2.47"

"@vue/runtime-core@3.2.47":
  version "3.2.47"
  resolved "http://registry.m.jd.com/@vue/runtime-core/download/@vue/runtime-core-3.2.47.tgz#406ebade3d5551c00fc6409bbc1eeb10f32e121d"
  integrity sha1-QG663j1VUcAPxkCbvB7rEPMuEh0=
  dependencies:
    "@vue/reactivity" "3.2.47"
    "@vue/shared" "3.2.47"

"@vue/runtime-dom@3.2.47":
  version "3.2.47"
  resolved "http://registry.m.jd.com/@vue/runtime-dom/download/@vue/runtime-dom-3.2.47.tgz#93e760eeaeab84dedfb7c3eaf3ed58d776299382"
  integrity sha1-k+dg7q6rhN7ft8Pq8+1Y13Ypk4I=
  dependencies:
    "@vue/runtime-core" "3.2.47"
    "@vue/shared" "3.2.47"
    csstype "^2.6.8"

"@vue/server-renderer@3.2.47":
  version "3.2.47"
  resolved "http://registry.m.jd.com/@vue/server-renderer/download/@vue/server-renderer-3.2.47.tgz#8aa1d1871fc4eb5a7851aa7f741f8f700e6de3c0"
  integrity sha1-iqHRhx/E61p4Uap/dB+PcA5t48A=
  dependencies:
    "@vue/compiler-ssr" "3.2.47"
    "@vue/shared" "3.2.47"

"@vue/shared@3.2.47":
  version "3.2.47"
  resolved "http://registry.m.jd.com/@vue/shared/download/@vue/shared-3.2.47.tgz#e597ef75086c6e896ff5478a6bfc0a7aa4bbd14c"
  integrity sha1-5ZfvdQhsbolv9UeKa/wKeqS70Uw=

csstype@^2.6.8:
  version "2.6.21"
  resolved "http://registry.m.jd.com/csstype/download/csstype-2.6.21.tgz#2efb85b7cc55c80017c66a5ad7cbd931fda3a90e"
  integrity sha1-LvuFt8xVyAAXxmpa18vZMf2jqQ4=

esbuild@^0.16.14:
  version "0.16.17"
  resolved "http://registry.m.jd.com/esbuild/download/esbuild-0.16.17.tgz#fc2c3914c57ee750635fee71b89f615f25065259"
  integrity sha1-/Cw5FMV+51BjX+5xuJ9hXyUGUlk=
  optionalDependencies:
    "@esbuild/android-arm" "0.16.17"
    "@esbuild/android-arm64" "0.16.17"
    "@esbuild/android-x64" "0.16.17"
    "@esbuild/darwin-arm64" "0.16.17"
    "@esbuild/darwin-x64" "0.16.17"
    "@esbuild/freebsd-arm64" "0.16.17"
    "@esbuild/freebsd-x64" "0.16.17"
    "@esbuild/linux-arm" "0.16.17"
    "@esbuild/linux-arm64" "0.16.17"
    "@esbuild/linux-ia32" "0.16.17"
    "@esbuild/linux-loong64" "0.16.17"
    "@esbuild/linux-mips64el" "0.16.17"
    "@esbuild/linux-ppc64" "0.16.17"
    "@esbuild/linux-riscv64" "0.16.17"
    "@esbuild/linux-s390x" "0.16.17"
    "@esbuild/linux-x64" "0.16.17"
    "@esbuild/netbsd-x64" "0.16.17"
    "@esbuild/openbsd-x64" "0.16.17"
    "@esbuild/sunos-x64" "0.16.17"
    "@esbuild/win32-arm64" "0.16.17"
    "@esbuild/win32-ia32" "0.16.17"
    "@esbuild/win32-x64" "0.16.17"

estree-walker@^2.0.2:
  version "2.0.2"
  resolved "http://registry.m.jd.com/estree-walker/download/estree-walker-2.0.2.tgz#52f010178c2a4c117a7757cfe942adb7d2da4cac"
  integrity sha1-UvAQF4wqTBF6d1fP6UKtt9LaTKw=

fsevents@~2.3.2:
  version "2.3.2"
  resolved "http://registry.m.jd.com/fsevents/download/fsevents-2.3.2.tgz#8a526f78b8fdf4623b709e0b975c52c24c02fd1a"
  integrity sha1-ilJveLj99GI7cJ4Ll1xSwkwC/Ro=

function-bind@^1.1.1:
  version "1.1.1"
  resolved "http://registry.m.jd.com/function-bind/download/function-bind-1.1.1.tgz#a56899d3ea3c9bab874bb9773b7c5ede92f4895d"
  integrity sha1-pWiZ0+o8m6uHS7l3O3xe3pL0iV0=

has@^1.0.3:
  version "1.0.3"
  resolved "http://registry.m.jd.com/has/download/has-1.0.3.tgz#722d7cbfc1f6aa8241f16dd814e011e1f41e8796"
  integrity sha1-ci18v8H2qoJB8W3YFOAR4fQeh5Y=
  dependencies:
    function-bind "^1.1.1"

is-core-module@^2.9.0:
  version "2.11.0"
  resolved "http://registry.m.jd.com/is-core-module/download/is-core-module-2.11.0.tgz#ad4cb3e3863e814523c96f3f58d26cc570ff0144"
  integrity sha1-rUyz44Y+gUUjyW8/WNJsxXD/AUQ=
  dependencies:
    has "^1.0.3"

magic-string@^0.25.7:
  version "0.25.9"
  resolved "http://registry.m.jd.com/magic-string/download/magic-string-0.25.9.tgz#de7f9faf91ef8a1c91d02c2e5314c8277dbcdd1c"
  integrity sha1-3n+fr5HvihyR0CwuUxTIJ3283Rw=
  dependencies:
    sourcemap-codec "^1.4.8"

nanoid@^3.3.4:
  version "3.3.4"
  resolved "http://registry.m.jd.com/nanoid/download/nanoid-3.3.4.tgz#730b67e3cd09e2deacf03c027c81c9d9dbc5e8ab"
  integrity sha1-cwtn480J4t6s8DwCfIHJ2dvF6Ks=

path-parse@^1.0.7:
  version "1.0.7"
  resolved "http://registry.m.jd.com/path-parse/download/path-parse-1.0.7.tgz#fbc114b60ca42b30d9daf5858e4bd68bbedb6735"
  integrity sha1-+8EUtgykKzDZ2vWFjkvWi77bZzU=

picocolors@^1.0.0:
  version "1.0.0"
  resolved "http://registry.m.jd.com/picocolors/download/picocolors-1.0.0.tgz#cb5bdc74ff3f51892236eaf79d68bc44564ab81c"
  integrity sha1-y1vcdP8/UYkiNur3nWi8RFZKuBw=

postcss@^8.1.10, postcss@^8.4.21:
  version "8.4.21"
  resolved "http://registry.m.jd.com/postcss/download/postcss-8.4.21.tgz#c639b719a57efc3187b13a1d765675485f4134f4"
  integrity sha1-xjm3GaV+/DGHsToddlZ1SF9BNPQ=
  dependencies:
    nanoid "^3.3.4"
    picocolors "^1.0.0"
    source-map-js "^1.0.2"

resolve@^1.22.1:
  version "1.22.1"
  resolved "http://registry.m.jd.com/resolve/download/resolve-1.22.1.tgz#27cb2ebb53f91abb49470a928bba7558066ac177"
  integrity sha1-J8suu1P5GrtJRwqSi7p1WAZqwXc=
  dependencies:
    is-core-module "^2.9.0"
    path-parse "^1.0.7"
    supports-preserve-symlinks-flag "^1.0.0"

rollup@^3.10.0:
  version "3.14.0"
  resolved "http://registry.m.jd.com/rollup/download/rollup-3.14.0.tgz#f5925255f3b6e8de1dba3916d7619c7da5708d95"
  integrity sha1-9ZJSVfO26N4dujkW12GcfaVwjZU=
  optionalDependencies:
    fsevents "~2.3.2"

source-map-js@^1.0.2:
  version "1.0.2"
  resolved "http://registry.m.jd.com/source-map-js/download/source-map-js-1.0.2.tgz#adbc361d9c62df380125e7f161f71c826f1e490c"
  integrity sha1-rbw2HZxi3zgBJefxYfccgm8eSQw=

source-map@^0.6.1:
  version "0.6.1"
  resolved "http://registry.m.jd.com/source-map/download/source-map-0.6.1.tgz#74722af32e9614e9c287a8d0bbde48b5e2f1a263"
  integrity sha1-dHIq8y6WFOnCh6jQu95IteLxomM=

sourcemap-codec@^1.4.8:
  version "1.4.8"
  resolved "http://registry.m.jd.com/sourcemap-codec/download/sourcemap-codec-1.4.8.tgz#ea804bd94857402e6992d05a38ef1ae35a9ab4c4"
  integrity sha1-6oBL2UhXQC5pktBaOO8a41qatMQ=

supports-preserve-symlinks-flag@^1.0.0:
  version "1.0.0"
  resolved "http://registry.m.jd.com/supports-preserve-symlinks-flag/download/supports-preserve-symlinks-flag-1.0.0.tgz#6eda4bd344a3c94aea376d4cc31bc77311039e09"
  integrity sha1-btpL00SjyUrqN21MwxvHcxEDngk=

vite@^4.0.0:
  version "4.1.1"
  resolved "http://registry.m.jd.com/vite/download/vite-4.1.1.tgz#3b18b81a4e85ce3df5cbdbf4c687d93ebf402e6b"
  integrity sha1-Oxi4Gk6Fzj31y9v0xofZPr9ALms=
  dependencies:
    esbuild "^0.16.14"
    postcss "^8.4.21"
    resolve "^1.22.1"
    rollup "^3.10.0"
  optionalDependencies:
    fsevents "~2.3.2"

vue@^3.2.45:
  version "3.2.47"
  resolved "http://registry.m.jd.com/vue/download/vue-3.2.47.tgz#3eb736cbc606fc87038dbba6a154707c8a34cff0"
  integrity sha1-Prc2y8YG/IcDjbumoVRwfIo0z/A=
  dependencies:
    "@vue/compiler-dom" "3.2.47"
    "@vue/compiler-sfc" "3.2.47"
    "@vue/runtime-dom" "3.2.47"
    "@vue/server-renderer" "3.2.47"
    "@vue/shared" "3.2.47"
